// !$*UTF8*$!
{
	archiveVersion = 1;
	classes = {
	};
	objectVersion = 56;
	objects = {

/* Begin PBXBuildFile section */
		7CE7379E2A40E31F0094BF22 /* AppDelegate.swift in Sources */ = {isa = PBXBuildFile; fileRef = 7CE7379D2A40E31F0094BF22 /* AppDelegate.swift */; };
		7CE737A02A40E31F0094BF22 /* SceneDelegate.swift in Sources */ = {isa = PBXBuildFile; fileRef = 7CE7379F2A40E31F0094BF22 /* SceneDelegate.swift */; };
		7CE737A52A40E31F0094BF22 /* Main.storyboard in Resources */ = {isa = PBXBuildFile; fileRef = 7CE737A32A40E31F0094BF22 /* Main.storyboard */; };
		7CE737A72A40E3200094BF22 /* Assets.xcassets in Resources */ = {isa = PBXBuildFile; fileRef = 7CE737A62A40E3200094BF22 /* Assets.xcassets */; };
		7CE737AA2A40E3200094BF22 /* LaunchScreen.storyboard in Resources */ = {isa = PBXBuildFile; fileRef = 7CE737A82A40E3200094BF22 /* LaunchScreen.storyboard */; };
		7CE737B22A40E35A0094BF22 /* Character.swift in Sources */ = {isa = PBXBuildFile; fileRef = 7CE737B12A40E35A0094BF22 /* Character.swift */; };
		7CE737B42A438C860094BF22 /* NetworkManager.swift in Sources */ = {isa = PBXBuildFile; fileRef = 7CE737B32A438C860094BF22 /* NetworkManager.swift */; };
		7CE737B62A4393FF0094BF22 /* CharacterCell.swift in Sources */ = {isa = PBXBuildFile; fileRef = 7CE737B52A4393FF0094BF22 /* CharacterCell.swift */; };
		7CE737BA2A4395D80094BF22 /* ShowInfoViewController.swift in Sources */ = {isa = PBXBuildFile; fileRef = 7CE737B92A4395D80094BF22 /* ShowInfoViewController.swift */; };
		7CE737C42A439A500094BF22 /* CharacterListViewController.swift in Sources */ = {isa = PBXBuildFile; fileRef = 7CE737C32A439A500094BF22 /* CharacterListViewController.swift */; };
/* End PBXBuildFile section */

/* Begin PBXFileReference section */
		7CE7379A2A40E31F0094BF22 /* SimpleApi.app */ = {isa = PBXFileReference; explicitFileType = wrapper.application; includeInIndex = 0; path = SimpleApi.app; sourceTree = BUILT_PRODUCTS_DIR; };
		7CE7379D2A40E31F0094BF22 /* AppDelegate.swift */ = {isa = PBXFileReference; lastKnownFileType = sourcecode.swift; path = AppDelegate.swift; sourceTree = "<group>"; };
		7CE7379F2A40E31F0094BF22 /* SceneDelegate.swift */ = {isa = PBXFileReference; lastKnownFileType = sourcecode.swift; path = SceneDelegate.swift; sourceTree = "<group>"; };
		7CE737A42A40E31F0094BF22 /* Base */ = {isa = PBXFileReference; lastKnownFileType = file.storyboard; name = Base; path = Base.lproj/Main.storyboard; sourceTree = "<group>"; };
		7CE737A62A40E3200094BF22 /* Assets.xcassets */ = {isa = PBXFileReference; lastKnownFileType = folder.assetcatalog; path = Assets.xcassets; sourceTree = "<group>"; };
		7CE737A92A40E3200094BF22 /* Base */ = {isa = PBXFileReference; lastKnownFileType = file.storyboard; name = Base; path = Base.lproj/LaunchScreen.storyboard; sourceTree = "<group>"; };
		7CE737AB2A40E3200094BF22 /* Info.plist */ = {isa = PBXFileReference; lastKnownFileType = text.plist.xml; path = Info.plist; sourceTree = "<group>"; };
		7CE737B12A40E35A0094BF22 /* Character.swift */ = {isa = PBXFileReference; lastKnownFileType = sourcecode.swift; path = Character.swift; sourceTree = "<group>"; };
		7CE737B32A438C860094BF22 /* NetworkManager.swift */ = {isa = PBXFileReference; lastKnownFileType = sourcecode.swift; path = NetworkManager.swift; sourceTree = "<group>"; };
		7CE737B52A4393FF0094BF22 /* CharacterCell.swift */ = {isa = PBXFileReference; lastKnownFileType = sourcecode.swift; path = CharacterCell.swift; sourceTree = "<group>"; };
		7CE737B92A4395D80094BF22 /* ShowInfoViewController.swift */ = {isa = PBXFileReference; lastKnownFileType = sourcecode.swift; path = ShowInfoViewController.swift; sourceTree = "<group>"; };
		7CE737C32A439A500094BF22 /* CharacterListViewController.swift */ = {isa = PBXFileReference; lastKnownFileType = sourcecode.swift; path = CharacterListViewController.swift; sourceTree = "<group>"; };
/* End PBXFileReference section */

/* Begin PBXFrameworksBuildPhase section */
		7CE737972A40E31F0094BF22 /* Frameworks */ = {
			isa = PBXFrameworksBuildPhase;
			buildActionMask = 2147483647;
			files = (
			);
			runOnlyForDeploymentPostprocessing = 0;
		};
/* End PBXFrameworksBuildPhase section */

/* Begin PBXGroup section */
		7CE737912A40E31F0094BF22 = {
			isa = PBXGroup;
			children = (
				7CE7379C2A40E31F0094BF22 /* SimpleApi */,
				7CE7379B2A40E31F0094BF22 /* Products */,
			);
			sourceTree = "<group>";
		};
		7CE7379B2A40E31F0094BF22 /* Products */ = {
			isa = PBXGroup;
			children = (
				7CE7379A2A40E31F0094BF22 /* SimpleApi.app */,
			);
			name = Products;
			sourceTree = "<group>";
		};
		7CE7379C2A40E31F0094BF22 /* SimpleApi */ = {
			isa = PBXGroup;
			children = (
				7CE737BC2A4396310094BF22 /* App */,
				7CE737C22A4396A60094BF22 /* ViewControllers */,
				7CE737C02A43968C0094BF22 /* Views */,
				7CE737BE2A43966B0094BF22 /* StoryBoards */,
				7CE737BD2A4396510094BF22 /* Resources */,
				7CE737C12A43969C0094BF22 /* Models */,
				7CE737BF2A4396800094BF22 /* Services */,
			);
			path = SimpleApi;
			sourceTree = "<group>";
		};
		7CE737BC2A4396310094BF22 /* App */ = {
			isa = PBXGroup;
			children = (
				7CE7379D2A40E31F0094BF22 /* AppDelegate.swift */,
				7CE7379F2A40E31F0094BF22 /* SceneDelegate.swift */,
				7CE737AB2A40E3200094BF22 /* Info.plist */,
			);
			name = App;
			sourceTree = "<group>";
		};
		7CE737BD2A4396510094BF22 /* Resources */ = {
			isa = PBXGroup;
			children = (
				7CE737A62A40E3200094BF22 /* Assets.xcassets */,
			);
			name = Resources;
			sourceTree = "<group>";
		};
		7CE737BE2A43966B0094BF22 /* StoryBoards */ = {
			isa = PBXGroup;
			children = (
				7CE737A32A40E31F0094BF22 /* Main.storyboard */,
				7CE737A82A40E3200094BF22 /* LaunchScreen.storyboard */,
			);
			name = StoryBoards;
			sourceTree = "<group>";
		};
		7CE737BF2A4396800094BF22 /* Services */ = {
			isa = PBXGroup;
			children = (
				7CE737B32A438C860094BF22 /* NetworkManager.swift */,
			);
			name = Services;
			sourceTree = "<group>";
		};
		7CE737C02A43968C0094BF22 /* Views */ = {
			isa = PBXGroup;
			children = (
				7CE737B52A4393FF0094BF22 /* CharacterCell.swift */,
			);
			name = Views;
			sourceTree = "<group>";
		};
		7CE737C12A43969C0094BF22 /* Models */ = {
			isa = PBXGroup;
			children = (
				7CE737B12A40E35A0094BF22 /* Character.swift */,
			);
			name = Models;
			sourceTree = "<group>";
		};
		7CE737C22A4396A60094BF22 /* ViewControllers */ = {
			isa = PBXGroup;
			children = (
				7CE737B92A4395D80094BF22 /* ShowInfoViewController.swift */,
				7CE737C32A439A500094BF22 /* CharacterListViewController.swift */,
			);
			name = ViewControllers;
			sourceTree = "<group>";
		};
/* End PBXGroup section */

/* Begin PBXNativeTarget section */
		7CE737992A40E31F0094BF22 /* SimpleApi */ = {
			isa = PBXNativeTarget;
			buildConfigurationList = 7CE737AE2A40E3200094BF22 /* Build configuration list for PBXNativeTarget "SimpleApi" */;
			buildPhases = (
				7CE737962A40E31F0094BF22 /* Sources */,
				7CE737972A40E31F0094BF22 /* Frameworks */,
				7CE737982A40E31F0094BF22 /* Resources */,
			);
			buildRules = (
			);
			dependencies = (
			);
			name = SimpleApi;
			productName = SimpleApi;
			productReference = 7CE7379A2A40E31F0094BF22 /* SimpleApi.app */;
			productType = "com.apple.product-type.application";
		};
/* End PBXNativeTarget section */

/* Begin PBXProject section */
		7CE737922A40E31F0094BF22 /* Project object */ = {
			isa = PBXProject;
			attributes = {
				BuildIndependentTargetsInParallel = 1;
				LastSwiftUpdateCheck = 1430;
				LastUpgradeCheck = 1430;
				TargetAttributes = {
					7CE737992A40E31F0094BF22 = {
						CreatedOnToolsVersion = 14.3.1;
					};
				};
			};
			buildConfigurationList = 7CE737952A40E31F0094BF22 /* Build configuration list for PBXProject "SimpleApi" */;
			compatibilityVersion = "Xcode 14.0";
			developmentRegion = en;
			hasScannedForEncodings = 0;
			knownRegions = (
				en,
				Base,
			);
			mainGroup = 7CE737912A40E31F0094BF22;
			productRefGroup = 7CE7379B2A40E31F0094BF22 /* Products */;
			projectDirPath = "";
			projectRoot = "";
			targets = (
				7CE737992A40E31F0094BF22 /* SimpleApi */,
			);
		};
/* End PBXProject section */

/* Begin PBXResourcesBuildPhase section */
		7CE737982A40E31F0094BF22 /* Resources */ = {
			isa = PBXResourcesBuildPhase;
			buildActionMask = 2147483647;
			files = (
				7CE737AA2A40E3200094BF22 /* LaunchScreen.storyboard in Resources */,
				7CE737A72A40E3200094BF22 /* Assets.xcassets in Resources */,
				7CE737A52A40E31F0094BF22 /* Main.storyboard in Resources */,
			);
			runOnlyForDeploymentPostprocessing = 0;
		};
/* End PBXResourcesBuildPhase section */

/* Begin PBXSourcesBuildPhase section */
		7CE737962A40E31F0094BF22 /* Sources */ = {
			isa = PBXSourcesBuildPhase;
			buildActionMask = 2147483647;
			files = (
				7CE7379E2A40E31F0094BF22 /* AppDelegate.swift in Sources */,
				7CE737BA2A4395D80094BF22 /* ShowInfoViewController.swift in Sources */,
				7CE737C42A439A500094BF22 /* CharacterListViewController.swift in Sources */,
				7CE737B42A438C860094BF22 /* NetworkManager.swift in Sources */,
				7CE737B62A4393FF0094BF22 /* CharacterCell.swift in Sources */,
				7CE737B22A40E35A0094BF22 /* Character.swift in Sources */,
				7CE737A02A40E31F0094BF22 /* SceneDelegate.swift in Sources */,
			);
			runOnlyForDeploymentPostprocessing = 0;
		};
/* End PBXSourcesBuildPhase section */

/* Begin PBXVariantGroup section */
		7CE737A32A40E31F0094BF22 /* Main.storyboard */ = {
			isa = PBXVariantGroup;
			children = (
				7CE737A42A40E31F0094BF22 /* Base */,
			);
			name = Main.storyboard;
			sourceTree = "<group>";
		};
		7CE737A82A40E3200094BF22 /* LaunchScreen.storyboard */ = {
			isa = PBXVariantGroup;
			children = (
				7CE737A92A40E3200094BF22 /* Base */,
			);
			name = LaunchScreen.storyboard;
			sourceTree = "<group>";
		};
/* End PBXVariantGroup section */

/* Begin XCBuildConfiguration section */
		7CE737AC2A40E3200094BF22 /* Debug */ = {
			isa = XCBuildConfiguration;
			buildSettings = {
				ALWAYS_SEARCH_USER_PATHS = NO;
				CLANG_ANALYZER_NONNULL = YES;
				CLANG_ANALYZER_NUMBER_OBJECT_CONVERSION = YES_AGGRESSIVE;
				CLANG_CXX_LANGUAGE_STANDARD = "gnu++20";
				CLANG_ENABLE_MODULES = YES;
				CLANG_ENABLE_OBJC_ARC = YES;
				CLANG_ENABLE_OBJC_WEAK = YES;
				CLANG_WARN_BLOCK_CAPTURE_AUTORELEASING = YES;
				CLANG_WARN_BOOL_CONVERSION = YES;
				CLANG_WARN_COMMA = YES;
				CLANG_WARN_CONSTANT_CONVERSION = YES;
				CLANG_WARN_DEPRECATED_OBJC_IMPLEMENTATIONS = YES;
				CLANG_WARN_DIRECT_OBJC_ISA_USAGE = YES_ERROR;
				CLANG_WARN_DOCUMENTATION_COMMENTS = YES;
				CLANG_WARN_EMPTY_BODY = YES;
				CLANG_WARN_ENUM_CONVERSION = YES;
				CLANG_WARN_INFINITE_RECURSION = YES;
				CLANG_WARN_INT_CONVERSION = YES;
				CLANG_WARN_NON_LITERAL_NULL_CONVERSION = YES;
				CLANG_WARN_OBJC_IMPLICIT_RETAIN_SELF = YES;
				CLANG_WARN_OBJC_LITERAL_CONVERSION = YES;
				CLANG_WARN_OBJC_ROOT_CLASS = YES_ERROR;
				CLANG_WARN_QUOTED_INCLUDE_IN_FRAMEWORK_HEADER = YES;
				CLANG_WARN_RANGE_LOOP_ANALYSIS = YES;
				CLANG_WARN_STRICT_PROTOTYPES = YES;
				CLANG_WARN_SUSPICIOUS_MOVE = YES;
				CLANG_WARN_UNGUARDED_AVAILABILITY = YES_AGGRESSIVE;
				CLANG_WARN_UNREACHABLE_CODE = YES;
				CLANG_WARN__DUPLICATE_METHOD_MATCH = YES;
				COPY_PHASE_STRIP = NO;
				DEBUG_INFORMATION_FORMAT = dwarf;
				ENABLE_STRICT_OBJC_MSGSEND = YES;
				ENABLE_TESTABILITY = YES;
				GCC_C_LANGUAGE_STANDARD = gnu11;
				GCC_DYNAMIC_NO_PIC = NO;
				GCC_NO_COMMON_BLOCKS = YES;
				GCC_OPTIMIZATION_LEVEL = 0;
				GCC_PREPROCESSOR_DEFINITIONS = (
					"DEBUG=1",
					"$(inherited)",
				);
				GCC_WARN_64_TO_32_BIT_CONVERSION = YES;
				GCC_WARN_ABOUT_RETURN_TYPE = YES_ERROR;
				GCC_WARN_UNDECLARED_SELECTOR = YES;
				GCC_WARN_UNINITIALIZED_AUTOS = YES_AGGRESSIVE;
				GCC_WARN_UNUSED_FUNCTION = YES;
				GCC_WARN_UNUSED_VARIABLE = YES;
				IPHONEOS_DEPLOYMENT_TARGET = 16.4;
				MTL_ENABLE_DEBUG_INFO = INCLUDE_SOURCE;
				MTL_FAST_MATH = YES;
				ONLY_ACTIVE_ARCH = YES;
				SDKROOT = iphoneos;
				SWIFT_ACTIVE_COMPILATION_CONDITIONS = DEBUG;
				SWIFT_OPTIMIZATION_LEVEL = "-Onone";
			};
			name = Debug;
		};
		7CE737AD2A40E3200094BF22 /* Release */ = {
			isa = XCBuildConfiguration;
			buildSettings = {
				ALWAYS_SEARCH_USER_PATHS = NO;
				CLANG_ANALYZER_NONNULL = YES;
				CLANG_ANALYZER_NUMBER_OBJECT_CONVERSION = YES_AGGRESSIVE;
				CLANG_CXX_LANGUAGE_STANDARD = "gnu++20";
				CLANG_ENABLE_MODULES = YES;
				CLANG_ENABLE_OBJC_ARC = YES;
				CLANG_ENABLE_OBJC_WEAK = YES;
				CLANG_WARN_BLOCK_CAPTURE_AUTORELEASING = YES;
				CLANG_WARN_BOOL_CONVERSION = YES;
				CLANG_WARN_COMMA = YES;
				CLANG_WARN_CONSTANT_CONVERSION = YES;
				CLANG_WARN_DEPRECATED_OBJC_IMPLEMENTATIONS = YES;
				CLANG_WARN_DIRECT_OBJC_ISA_USAGE = YES_ERROR;
				CLANG_WARN_DOCUMENTATION_COMMENTS = YES;
				CLANG_WARN_EMPTY_BODY = YES;
				CLANG_WARN_ENUM_CONVERSION = YES;
				CLANG_WARN_INFINITE_RECURSION = YES;
				CLANG_WARN_INT_CONVERSION = YES;
				CLANG_WARN_NON_LITERAL_NULL_CONVERSION = YES;
				CLANG_WARN_OBJC_IMPLICIT_RETAIN_SELF = YES;
				CLANG_WARN_OBJC_LITERAL_CONVERSION = YES;
				CLANG_WARN_OBJC_ROOT_CLASS = YES_ERROR;
				CLANG_WARN_QUOTED_INCLUDE_IN_FRAMEWORK_HEADER = YES;
				CLANG_WARN_RANGE_LOOP_ANALYSIS = YES;
				CLANG_WARN_STRICT_PROTOTYPES = YES;
				CLANG_WARN_SUSPICIOUS_MOVE = YES;
				CLANG_WARN_UNGUARDED_AVAILABILITY = YES_AGGRESSIVE;
				CLANG_WARN_UNREACHABLE_CODE = YES;
				CLANG_WARN__DUPLICATE_METHOD_MATCH = YES;
				COPY_PHASE_STRIP = NO;
				DEBUG_INFORMATION_FORMAT = "dwarf-with-dsym";
				ENABLE_NS_ASSERTIONS = NO;
				ENABLE_STRICT_OBJC_MSGSEND = YES;
				GCC_C_LANGUAGE_STANDARD = gnu11;
				GCC_NO_COMMON_BLOCKS = YES;
				GCC_WARN_64_TO_32_BIT_CONVERSION = YES;
				GCC_WARN_ABOUT_RETURN_TYPE = YES_ERROR;
				GCC_WARN_UNDECLARED_SELECTOR = YES;
				GCC_WARN_UNINITIALIZED_AUTOS = YES_AGGRESSIVE;
				GCC_WARN_UNUSED_FUNCTION = YES;
				GCC_WARN_UNUSED_VARIABLE = YES;
				IPHONEOS_DEPLOYMENT_TARGET = 16.4;
				MTL_ENABLE_DEBUG_INFO = NO;
				MTL_FAST_MATH = YES;
				SDKROOT = iphoneos;
				SWIFT_COMPILATION_MODE = wholemodule;
				SWIFT_OPTIMIZATION_LEVEL = "-O";
				VALIDATE_PRODUCT = YES;
			};
			name = Release;
		};
		7CE737AF2A40E3200094BF22 /* Debug */ = {
			isa = XCBuildConfiguration;
			buildSettings = {
				ASSETCATALOG_COMPILER_APPICON_NAME = AppIcon;
				ASSETCATALOG_COMPILER_GLOBAL_ACCENT_COLOR_NAME = AccentColor;
				CODE_SIGN_STYLE = Automatic;
				CURRENT_PROJECT_VERSION = 1;
				DEVELOPMENT_TEAM = 3D4689896S;
				GENERATE_INFOPLIST_FILE = YES;
				INFOPLIST_FILE = SimpleApi/Info.plist;
				INFOPLIST_KEY_UIApplicationSupportsIndirectInputEvents = YES;
				INFOPLIST_KEY_UILaunchStoryboardName = LaunchScreen;
				INFOPLIST_KEY_UIMainStoryboardFile = Main;
				INFOPLIST_KEY_UISupportedInterfaceOrientations = UIInterfaceOrientationPortrait;
				INFOPLIST_KEY_UISupportedInterfaceOrientations_iPad = "UIInterfaceOrientationLandscapeLeft UIInterfaceOrientationLandscapeRight UIInterfaceOrientationPortrait UIInterfaceOrientationPortraitUpsideDown";
				LD_RUNPATH_SEARCH_PATHS = (
					"$(inherited)",
					"@executable_path/Frameworks",
				);
				MARKETING_VERSION = 1.0;
				PRODUCT_BUNDLE_IDENTIFIER = LLltirlec.SimpleApi;
				PRODUCT_NAME = "$(TARGET_NAME)";
				SUPPORTED_PLATFORMS = "iphoneos iphonesimulator";
				SUPPORTS_MACCATALYST = NO;
				SUPPORTS_MAC_DESIGNED_FOR_IPHONE_IPAD = NO;
				SWIFT_EMIT_LOC_STRINGS = YES;
				SWIFT_VERSION = 5.0;
				TARGETED_DEVICE_FAMILY = 1;
			};
			name = Debug;
		};
		7CE737B02A40E3200094BF22 /* Release */ = {
			isa = XCBuildConfiguration;
			buildSettings = {
				ASSETCATALOG_COMPILER_APPICON_NAME = AppIcon;
				ASSETCATALOG_COMPILER_GLOBAL_ACCENT_COLOR_NAME = AccentColor;
				CODE_SIGN_STYLE = Automatic;
				CURRENT_PROJECT_VERSION = 1;
				DEVELOPMENT_TEAM = 3D4689896S;
				GENERATE_INFOPLIST_FILE = YES;
				INFOPLIST_FILE = SimpleApi/Info.plist;
				INFOPLIST_KEY_UIApplicationSupportsIndirectInputEvents = YES;
				INFOPLIST_KEY_UILaunchStoryboardName = LaunchScreen;
				INFOPLIST_KEY_UIMainStoryboardFile = Main;
				INFOPLIST_KEY_UISupportedInterfaceOrientations = UIInterfaceOrientationPortrait;
				INFOPLIST_KEY_UISupportedInterfaceOrientations_iPad = "UIInterfaceOrientationLandscapeLeft UIInterfaceOrientationLandscapeRight UIInterfaceOrientationPortrait UIInterfaceOrientationPortraitUpsideDown";
				LD_RUNPATH_SEARCH_PATHS = (
					"$(inherited)",
					"@executable_path/Frameworks",
				);
				MARKETING_VERSION = 1.0;
				PRODUCT_BUNDLE_IDENTIFIER = LLltirlec.SimpleApi;
				PRODUCT_NAME = "$(TARGET_NAME)";
				SUPPORTED_PLATFORMS = "iphoneos iphonesimulator";
				SUPPORTS_MACCATALYST = NO;
				SUPPORTS_MAC_DESIGNED_FOR_IPHONE_IPAD = NO;
				SWIFT_EMIT_LOC_STRINGS = YES;
				SWIFT_VERSION = 5.0;
				TARGETED_DEVICE_FAMILY = 1;
			};
			name = Release;
		};
/* End XCBuildConfiguration section */

/* Begin XCConfigurationList section */
		7CE737952A40E31F0094BF22 /* Build configuration list for PBXProject "SimpleApi" */ = {
			isa = XCConfigurationList;
			buildConfigurations = (
				7CE737AC2A40E3200094BF22 /* Debug */,
				7CE737AD2A40E3200094BF22 /* Release */,
			);
			defaultConfigurationIsVisible = 0;
			defaultConfigurationName = Release;
		};
		7CE737AE2A40E3200094BF22 /* Build configuration list for PBXNativeTarget "SimpleApi" */ = {
			isa = XCConfigurationList;
			buildConfigurations = (
				7CE737AF2A40E3200094BF22 /* Debug */,
				7CE737B02A40E3200094BF22 /* Release */,
			);
			defaultConfigurationIsVisible = 0;
			defaultConfigurationName = Release;
		};
/* End XCConfigurationList section */
	};
	rootObject = 7CE737922A40E31F0094BF22 /* Project object */;
}
